<?xml version="1.0" encoding="utf-8"?>
<Project ToolsVersion="4.0" xmlns="http://schemas.microsoft.com/developer/msbuild/2003">
  <ItemGroup>
    <Filter Include="Source Files">
      <UniqueIdentifier>{4FC737F1-C7A5-4376-A066-2A32D752A2FF}</UniqueIdentifier>
      <Extensions>cpp;c;cc;cxx;def;odl;idl;hpj;bat;asm;asmx</Extensions>
    </Filter>
    <Filter Include="Header Files">
      <UniqueIdentifier>{93995380-89BD-4b04-88EB-625FBE52EBFB}</UniqueIdentifier>
      <Extensions>h;hh;hpp;hxx;hm;inl;inc;ipp;xsd</Extensions>
    </Filter>
    <Filter Include="Resource Files">
      <UniqueIdentifier>{67DA6AB6-F800-4c08-8B7A-83BB121AAD01}</UniqueIdentifier>
      <Extensions>rc;ico;cur;bmp;dlg;rc2;rct;bin;rgs;gif;jpg;jpeg;jpe;resx;tiff;tif;png;wav;mfcribbon-ms</Extensions>
    </Filter>
    <Filter Include="Source Files\Level">
      <UniqueIdentifier>{cb33831f-3de6-4435-9684-fdb232fa8c87}</UniqueIdentifier>
    </Filter>
    <Filter Include="Header Files\Level">
      <UniqueIdentifier>{1bba26ff-d571-4a70-87be-79e36c9e762d}</UniqueIdentifier>
    </Filter>
    <Filter Include="Header Files\Component">
      <UniqueIdentifier>{c9e133c0-672e-4699-9be7-ddc8b29cc505}</UniqueIdentifier>
    </Filter>
    <Filter Include="Source Files\Component">
      <UniqueIdentifier>{72701e59-eb6d-4b3e-8a84-af2b17dd5cfb}</UniqueIdentifier>
    </Filter>
    <Filter Include="Header Files\Enemy">
      <UniqueIdentifier>{4fc14b1a-c53d-4742-8be2-1ef0a353a894}</UniqueIdentifier>
    </Filter>
    <Filter Include="Source Files\Enemy">
      <UniqueIdentifier>{c4b7e6b9-a83b-49fe-8564-82c93139f618}</UniqueIdentifier>
    </Filter>
    <Filter Include="Resource Files\Picture">
      <UniqueIdentifier>{4936cbc4-6277-4b01-a489-2776b775583a}</UniqueIdentifier>
    </Filter>
    <Filter Include="Resource Files\Level">
      <UniqueIdentifier>{6ecb0a46-0a90-41d3-9e16-b9fcafd19b5a}</UniqueIdentifier>
    </Filter>
    <Filter Include="Resource Files\Data">
      <UniqueIdentifier>{3610bfb9-8b56-46d3-bed2-f0971e0ffda1}</UniqueIdentifier>
    </Filter>
  </ItemGroup>
  <ItemGroup>
    <ResourceCompile Include="CGP_Assignment.rc">
      <Filter>Resource Files</Filter>
    </ResourceCompile>
  </ItemGroup>
  <ItemGroup>
    <Image Include="resource\TileSet.png">
      <Filter>Resource Files\Picture</Filter>
    </Image>
    <Image Include="resource\Boss_Sheet.png">
      <Filter>Resource Files\Picture</Filter>
    </Image>
    <Image Include="resource\Minion_Sheet.png">
      <Filter>Resource Files\Picture</Filter>
    </Image>
    <Image Include="resource\tower.ico">
      <Filter>Resource Files\Picture</Filter>
    </Image>
    <Image Include="resource\tower.png">
      <Filter>Resource Files\Picture</Filter>
    </Image>
  </ItemGroup>
  <ItemGroup>
    <None Include="resource\Arrow.ani">
      <Filter>Resource Files\Picture</Filter>
    </None>
  </ItemGroup>
  <ItemGroup>
    <ClInclude Include="Code\Component\DirectInput.h">
      <Filter>Header Files\Component</Filter>
    </ClInclude>
    <ClInclude Include="Code\Component\G_Timer.h">
      <Filter>Header Files\Component</Filter>
    </ClInclude>
    <ClInclude Include="Code\Component\GameStateManager.h">
      <Filter>Header Files\Component</Filter>
    </ClInclude>
    <ClInclude Include="Code\Component\GameWindows.h">
      <Filter>Header Files\Component</Filter>
    </ClInclude>
    <ClInclude Include="Code\Component\Graphic.h">
      <Filter>Header Files\Component</Filter>
    </ClInclude>
    <ClInclude Include="Code\Component\Map.h">
      <Filter>Header Files\Component</Filter>
    </ClInclude>
    <ClInclude Include="Code\Level\TestLevel.h">
      <Filter>Header Files\Level</Filter>
    </ClInclude>
    <ClInclude Include="Code\Enemy\Character.h">
      <Filter>Header Files\Enemy</Filter>
    </ClInclude>
    <ClInclude Include="Code\resource.h">
      <Filter>Header Files</Filter>
    </ClInclude>
    <ClInclude Include="Code\Level\GameState.h">
      <Filter>Header Files\Level</Filter>
    </ClInclude>
    <ClInclude Include="Code\GameObject.h">
      <Filter>Header Files</Filter>
    </ClInclude>
    <ClInclude Include="Code\Component\Collision.h">
      <Filter>Header Files\Component</Filter>
    </ClInclude>
    <ClInclude Include="Code\Component\EnemyController.h">
      <Filter>Header Files\Component</Filter>
    </ClInclude>
    <ClInclude Include="Code\Component\TowerBuilding.h">
      <Filter>Header Files\Component</Filter>
    </ClInclude>
  </ItemGroup>
  <ItemGroup>
    <ClCompile Include="Code\Component\DirectInput.cpp">
      <Filter>Source Files\Component</Filter>
    </ClCompile>
    <ClCompile Include="Code\Component\G_Timer.cpp">
      <Filter>Source Files\Component</Filter>
    </ClCompile>
    <ClCompile Include="Code\Component\GameStateManager.cpp">
      <Filter>Source Files\Component</Filter>
    </ClCompile>
    <ClCompile Include="Code\Component\GameWindows.cpp">
      <Filter>Source Files\Component</Filter>
    </ClCompile>
    <ClCompile Include="Code\Component\Graphic.cpp">
      <Filter>Source Files\Component</Filter>
    </ClCompile>
    <ClCompile Include="Code\Component\Map.cpp">
      <Filter>Source Files\Component</Filter>
    </ClCompile>
    <ClCompile Include="Code\Level\TestLevel.cpp">
      <Filter>Source Files\Level</Filter>
    </ClCompile>
    <ClCompile Include="Code\Enemy\Character.cpp">
      <Filter>Source Files\Enemy</Filter>
    </ClCompile>
    <ClCompile Include="Code\main.cpp">
      <Filter>Source Files</Filter>
    </ClCompile>
    <ClCompile Include="Code\Component\Collision.cpp">
      <Filter>Source Files\Component</Filter>
    </ClCompile>
    <ClCompile Include="Code\Component\EnemyController.cpp">
      <Filter>Source Files\Component</Filter>
    </ClCompile>
    <ClCompile Include="Code\Component\TowerBuilding.cpp">
      <Filter>Source Files\Component</Filter>
    </ClCompile>
  </ItemGroup>
  <ItemGroup>
    <Text Include="data\Test_Level.txt">
      <Filter>Resource Files\Level</Filter>
    </Text>
    <Text Include="data\EnemyData.txt">
      <Filter>Resource Files\Data</Filter>
    </Text>
  </ItemGroup>
</Project>